github.com/unixpickle/essentials v1.3.0 h1:H258Z5Uo1pVzFjxD2rwFWzHPN3s0J0jLs5kuxTRSfCs=
github.com/unixpickle/essentials v1.3.0/go.mod h1:dQ1idvqrgrDgub3mfckQm7osVPzT3u9rB6NK/LEhmtQ=
github.com/unixpickle/mnistlite v0.1.0 h1:LyO6jBD73IfQaw2BMtmQI43Tpd8kQzWZ02M54xeNotQ=
github.com/unixpickle/mnistlite v0.1.0/go.mod h1:Ir+tT/wZnL07/xi1f/UbcSkzW1U/MCXYb3ollhUoEQc=
github.com/unixpickle/mnistlite v0.1.1 h1:TBytxPKxWjbX+mL19PiF1P0rs6Rd8Y15KtrgYRhVTCQ=
github.com/unixpickle/mnistlite v0.1.1/go.mod h1:Ir+tT/wZnL07/xi1f/UbcSkzW1U/MCXYb3ollhUoEQc=
